
Microsoft Visual Studio Solution File, Format Version 12.00
# Visual Studio Version 16
VisualStudioVersion = 16.0.31205.134
MinimumVisualStudioVersion = 10.0.40219.1
Project("{FAE04EC0-301F-11D3-BF4B-00C04F79EFBC}") = "XamarinCal.Android", "XamarinCal\XamarinCal.Android\XamarinCal.Android.csproj", "{EEFD3191-C0BB-46BD-909A-6FAA0724D93C}"
EndProject
Project("{FAE04EC0-301F-11D3-BF4B-00C04F79EFBC}") = "XamarinCal.iOS", "XamarinCal\XamarinCal.iOS\XamarinCal.iOS.csproj", "{0BEAE095-8BD2-4C86-8EE6-590B418375E8}"
EndProject
Project("{FAE04EC0-301F-11D3-BF4B-00C04F79EFBC}") = "XamarinCal", "XamarinCal\XamarinCal\XamarinCal.csproj", "{612C2C3B-81DC-4C00-821E-104A689B7884}"
EndProject
Global
	GlobalSection(SolutionConfigurationPlatforms) = preSolution
		Debug|Any CPU = Debug|Any CPU
		Debug|iPhone = Debug|iPhone
		Debug|iPhoneSimulator = Debug|iPhoneSimulator
		Release|Any CPU = Release|Any CPU
		Release|iPhone = Release|iPhone
		Release|iPhoneSimulator = Release|iPhoneSimulator
	EndGlobalSection
	GlobalSection(ProjectConfigurationPlatforms) = postSolution
		{EEFD3191-C0BB-46BD-909A-6FAA0724D93C}.Debug|Any CPU.ActiveCfg = Debug|Any CPU
		{EEFD3191-C0BB-46BD-909A-6FAA0724D93C}.Debug|Any CPU.Build.0 = Debug|Any CPU
		{EEFD3191-C0BB-46BD-909A-6FAA0724D93C}.Debug|Any CPU.Deploy.0 = Debug|Any CPU
		{EEFD3191-C0BB-46BD-909A-6FAA0724D93C}.Debug|iPhone.ActiveCfg = Debug|Any CPU
		{EEFD3191-C0BB-46BD-909A-6FAA0724D93C}.Debug|iPhone.Build.0 = Debug|Any CPU
		{EEFD3191-C0BB-46BD-909A-6FAA0724D93C}.Debug|iPhone.Deploy.0 = Debug|Any CPU
		{EEFD3191-C0BB-46BD-909A-6FAA0724D93C}.Debug|iPhoneSimulator.ActiveCfg = Debug|Any CPU
		{EEFD3191-C0BB-46BD-909A-6FAA0724D93C}.Debug|iPhoneSimulator.Build.0 = Debug|Any CPU
		{EEFD3191-C0BB-46BD-909A-6FAA0724D93C}.Debug|iPhoneSimulator.Deploy.0 = Debug|Any CPU
		{EEFD3191-C0BB-46BD-909A-6FAA0724D93C}.Release|Any CPU.ActiveCfg = Release|Any CPU
		{EEFD3191-C0BB-46BD-909A-6FAA0724D93C}.Release|Any CPU.Build.0 = Release|Any CPU
		{EEFD3191-C0BB-46BD-909A-6FAA0724D93C}.Release|Any CPU.Deploy.0 = Release|Any CPU
		{EEFD3191-C0BB-46BD-909A-6FAA0724D93C}.Release|iPhone.ActiveCfg = Release|Any CPU
		{EEFD3191-C0BB-46BD-909A-6FAA0724D93C}.Release|iPhone.Build.0 = Release|Any CPU
		{EEFD3191-C0BB-46BD-909A-6FAA0724D93C}.Release|iPhone.Deploy.0 = Release|Any CPU
		{EEFD3191-C0BB-46BD-909A-6FAA0724D93C}.Release|iPhoneSimulator.ActiveCfg = Release|Any CPU
		{EEFD3191-C0BB-46BD-909A-6FAA0724D93C}.Release|iPhoneSimulator.Build.0 = Release|Any CPU
		{EEFD3191-C0BB-46BD-909A-6FAA0724D93C}.Release|iPhoneSimulator.Deploy.0 = Release|Any CPU
		{0BEAE095-8BD2-4C86-8EE6-590B418375E8}.Debug|Any CPU.ActiveCfg = Debug|iPhone
		{0BEAE095-8BD2-4C86-8EE6-590B418375E8}.Debug|Any CPU.Build.0 = Debug|iPhone
		{0BEAE095-8BD2-4C86-8EE6-590B418375E8}.Debug|Any CPU.Deploy.0 = Debug|iPhone
		{0BEAE095-8BD2-4C86-8EE6-590B418375E8}.Debug|iPhone.ActiveCfg = Debug|iPhone
		{0BEAE095-8BD2-4C86-8EE6-590B418375E8}.Debug|iPhone.Build.0 = Debug|iPhone
		{0BEAE095-8BD2-4C86-8EE6-590B418375E8}.Debug|iPhone.Deploy.0 = Debug|iPhone
		{0BEAE095-8BD2-4C86-8EE6-590B418375E8}.Debug|iPhoneSimulator.ActiveCfg = Debug|iPhoneSimulator
		{0BEAE095-8BD2-4C86-8EE6-590B418375E8}.Debug|iPhoneSimulator.Build.0 = Debug|iPhoneSimulator
		{0BEAE095-8BD2-4C86-8EE6-590B418375E8}.Debug|iPhoneSimulator.Deploy.0 = Debug|iPhoneSimulator
		{0BEAE095-8BD2-4C86-8EE6-590B418375E8}.Release|Any CPU.ActiveCfg = Release|iPhoneSimulator
		{0BEAE095-8BD2-4C86-8EE6-590B418375E8}.Release|Any CPU.Build.0 = Release|iPhoneSimulator
		{0BEAE095-8BD2-4C86-8EE6-590B418375E8}.Release|Any CPU.Deploy.0 = Release|iPhoneSimulator
		{0BEAE095-8BD2-4C86-8EE6-590B418375E8}.Release|iPhone.ActiveCfg = Release|iPhone
		{0BEAE095-8BD2-4C86-8EE6-590B418375E8}.Release|iPhone.Build.0 = Release|iPhone
		{0BEAE095-8BD2-4C86-8EE6-590B418375E8}.Release|iPhone.Deploy.0 = Release|iPhone
		{0BEAE095-8BD2-4C86-8EE6-590B418375E8}.Release|iPhoneSimulator.ActiveCfg = Release|iPhoneSimulator
		{0BEAE095-8BD2-4C86-8EE6-590B418375E8}.Release|iPhoneSimulator.Build.0 = Release|iPhoneSimulator
		{0BEAE095-8BD2-4C86-8EE6-590B418375E8}.Release|iPhoneSimulator.Deploy.0 = Release|iPhoneSimulator
		{612C2C3B-81DC-4C00-821E-104A689B7884}.Debug|Any CPU.ActiveCfg = Debug|Any CPU
		{612C2C3B-81DC-4C00-821E-104A689B7884}.Debug|Any CPU.Build.0 = Debug|Any CPU
		{612C2C3B-81DC-4C00-821E-104A689B7884}.Debug|Any CPU.Deploy.0 = Debug|Any CPU
		{612C2C3B-81DC-4C00-821E-104A689B7884}.Debug|iPhone.ActiveCfg = Debug|Any CPU
		{612C2C3B-81DC-4C00-821E-104A689B7884}.Debug|iPhone.Build.0 = Debug|Any CPU
		{612C2C3B-81DC-4C00-821E-104A689B7884}.Debug|iPhone.Deploy.0 = Debug|Any CPU
		{612C2C3B-81DC-4C00-821E-104A689B7884}.Debug|iPhoneSimulator.ActiveCfg = Debug|Any CPU
		{612C2C3B-81DC-4C00-821E-104A689B7884}.Debug|iPhoneSimulator.Build.0 = Debug|Any CPU
		{612C2C3B-81DC-4C00-821E-104A689B7884}.Debug|iPhoneSimulator.Deploy.0 = Debug|Any CPU
		{612C2C3B-81DC-4C00-821E-104A689B7884}.Release|Any CPU.ActiveCfg = Release|Any CPU
		{612C2C3B-81DC-4C00-821E-104A689B7884}.Release|Any CPU.Build.0 = Release|Any CPU
		{612C2C3B-81DC-4C00-821E-104A689B7884}.Release|Any CPU.Deploy.0 = Release|Any CPU
		{612C2C3B-81DC-4C00-821E-104A689B7884}.Release|iPhone.ActiveCfg = Release|Any CPU
		{612C2C3B-81DC-4C00-821E-104A689B7884}.Release|iPhone.Build.0 = Release|Any CPU
		{612C2C3B-81DC-4C00-821E-104A689B7884}.Release|iPhone.Deploy.0 = Release|Any CPU
		{612C2C3B-81DC-4C00-821E-104A689B7884}.Release|iPhoneSimulator.ActiveCfg = Release|Any CPU
		{612C2C3B-81DC-4C00-821E-104A689B7884}.Release|iPhoneSimulator.Build.0 = Release|Any CPU
		{612C2C3B-81DC-4C00-821E-104A689B7884}.Release|iPhoneSimulator.Deploy.0 = Release|Any CPU
	EndGlobalSection
	GlobalSection(SolutionProperties) = preSolution
		HideSolutionNode = FALSE
	EndGlobalSection
	GlobalSection(ExtensibilityGlobals) = postSolution
		SolutionGuid = {CE3DBD36-1A72-444E-98D9-2249E1CF23EC}
	EndGlobalSection
EndGlobal
